
Microsoft Visual Studio Solution File, Format Version 12.00
# Visual Studio Version 17
VisualStudioVersion = 17.14.36414.22
MinimumVisualStudioVersion = 10.0.40219.1
Project("{FAE04EC0-301F-11D3-BF4B-00C04F79EFBC}") = "RabbitMQ_ExcelAndSignalR_Project", "RabbitMQ_ExcelAndSignalR_Project\RabbitMQ_ExcelAndSignalR_Project.csproj", "{EF758244-F656-4373-A4C3-B177A1B223EF}"
EndProject
Project("{FAE04EC0-301F-11D3-BF4B-00C04F79EFBC}") = "Shared", "Shared\Shared.csproj", "{9DE47398-7689-4C01-B936-58907DBE36C3}"
EndProject
Project("{FAE04EC0-301F-11D3-BF4B-00C04F79EFBC}") = "FileCreateWorkerService", "FileCreateWorkerService\FileCreateWorkerService.csproj", "{8BFEE17E-80E2-422F-990F-94B9218AA8A2}"
EndProject
Global
	GlobalSection(SolutionConfigurationPlatforms) = preSolution
		Debug|Any CPU = Debug|Any CPU
		Release|Any CPU = Release|Any CPU
	EndGlobalSection
	GlobalSection(ProjectConfigurationPlatforms) = postSolution
		{EF758244-F656-4373-A4C3-B177A1B223EF}.Debug|Any CPU.ActiveCfg = Debug|Any CPU
		{EF758244-F656-4373-A4C3-B177A1B223EF}.Debug|Any CPU.Build.0 = Debug|Any CPU
		{EF758244-F656-4373-A4C3-B177A1B223EF}.Release|Any CPU.ActiveCfg = Release|Any CPU
		{EF758244-F656-4373-A4C3-B177A1B223EF}.Release|Any CPU.Build.0 = Release|Any CPU
		{9DE47398-7689-4C01-B936-58907DBE36C3}.Debug|Any CPU.ActiveCfg = Debug|Any CPU
		{9DE47398-7689-4C01-B936-58907DBE36C3}.Debug|Any CPU.Build.0 = Debug|Any CPU
		{9DE47398-7689-4C01-B936-58907DBE36C3}.Release|Any CPU.ActiveCfg = Release|Any CPU
		{9DE47398-7689-4C01-B936-58907DBE36C3}.Release|Any CPU.Build.0 = Release|Any CPU
		{8BFEE17E-80E2-422F-990F-94B9218AA8A2}.Debug|Any CPU.ActiveCfg = Debug|Any CPU
		{8BFEE17E-80E2-422F-990F-94B9218AA8A2}.Debug|Any CPU.Build.0 = Debug|Any CPU
		{8BFEE17E-80E2-422F-990F-94B9218AA8A2}.Release|Any CPU.ActiveCfg = Release|Any CPU
		{8BFEE17E-80E2-422F-990F-94B9218AA8A2}.Release|Any CPU.Build.0 = Release|Any CPU
	EndGlobalSection
	GlobalSection(SolutionProperties) = preSolution
		HideSolutionNode = FALSE
	EndGlobalSection
	GlobalSection(ExtensibilityGlobals) = postSolution
		SolutionGuid = {D36E8306-7E4C-4672-ADA4-2F824BB96887}
	EndGlobalSection
EndGlobal
